<?xml version="1.0" encoding="utf-8"?>
<Project ToolsVersion="4.0" xmlns="http://schemas.microsoft.com/developer/msbuild/2003">
  <ItemGroup>
    <Filter Include="Source Files">
      <UniqueIdentifier>{4FC737F1-C7A5-4376-A066-2A32D752A2FF}</UniqueIdentifier>
      <Extensions>cpp;c;cc;cxx;def;odl;idl;hpj;bat;asm;asmx</Extensions>
    </Filter>
    <Filter Include="Header Files">
      <UniqueIdentifier>{93995380-89BD-4b04-88EB-625FBE52EBFB}</UniqueIdentifier>
      <Extensions>h;hh;hpp;hxx;hm;inl;inc;xsd</Extensions>
    </Filter>
    <Filter Include="Resource Files">
      <UniqueIdentifier>{67DA6AB6-F800-4c08-8B7A-83BB121AAD01}</UniqueIdentifier>
      <Extensions>rc;ico;cur;bmp;dlg;rc2;rct;bin;rgs;gif;jpg;jpeg;jpe;resx;tiff;tif;png;wav;mfcribbon-ms</Extensions>
    </Filter>
  </ItemGroup>
  <ItemGroup>
    <None Include="packages.config" />
  </ItemGroup>
  <ItemGroup>
    <Text Include="Source\format.txt">
      <Filter>Source Files</Filter>
    </Text>
    <Text Include="Source\megamanss.txt">
      <Filter>Source Files</Filter>
    </Text>
    <Text Include="Source\moveinfoformat.txt">
      <Filter>Source Files</Filter>
    </Text>
    <Text Include="Source\pokeinfoformat.txt">
      <Filter>Source Files</Filter>
    </Text>
    <Text Include="Source\swag.txt">
      <Filter>Source Files</Filter>
    </Text>
    <Text Include="Source\swagss.txt">
      <Filter>Source Files</Filter>
    </Text>
    <Text Include="Source\treeko.txt">
      <Filter>Source Files</Filter>
    </Text>
    <Text Include="Source\treekoss.txt">
      <Filter>Source Files</Filter>
    </Text>
  </ItemGroup>
  <ItemGroup>
    <ClInclude Include="Source\Factory.hpp">
      <Filter>Source Files</Filter>
    </ClInclude>
    <ClInclude Include="Source\gameobject.hpp">
      <Filter>Source Files</Filter>
    </ClInclude>
    <ClInclude Include="Source\globals.h">
      <Filter>Source Files</Filter>
    </ClInclude>
    <ClInclude Include="Source\megaman.hpp">
      <Filter>Source Files</Filter>
    </ClInclude>
    <ClInclude Include="Source\move.hpp">
      <Filter>Source Files</Filter>
    </ClInclude>
    <ClInclude Include="Source\pokemon.hpp">
      <Filter>Source Files</Filter>
    </ClInclude>
    <ClInclude Include="Source\swag.hpp">
      <Filter>Source Files</Filter>
    </ClInclude>
    <ClInclude Include="Source\tile.hpp">
      <Filter>Source Files</Filter>
    </ClInclude>
    <ClInclude Include="Source\treeko.hpp">
      <Filter>Source Files</Filter>
    </ClInclude>
    <ClInclude Include="Source\animator.hpp">
      <Filter>Source Files</Filter>
    </ClInclude>
    <ClInclude Include="Source\ballGenerator.hpp">
      <Filter>Source Files</Filter>
    </ClInclude>
    <ClInclude Include="Source\bouncer.hpp">
      <Filter>Source Files</Filter>
    </ClInclude>
    <ClInclude Include="Source\collider.hpp">
      <Filter>Source Files</Filter>
    </ClInclude>
  </ItemGroup>
  <ItemGroup>
    <ClCompile Include="Source\gameobject.cpp">
      <Filter>Source Files</Filter>
    </ClCompile>
    <ClCompile Include="Source\main.cpp">
      <Filter>Source Files</Filter>
    </ClCompile>
    <ClCompile Include="Source\megaman.cpp">
      <Filter>Source Files</Filter>
    </ClCompile>
    <ClCompile Include="Source\move.cpp">
      <Filter>Source Files</Filter>
    </ClCompile>
    <ClCompile Include="Source\pokemon.cpp">
      <Filter>Source Files</Filter>
    </ClCompile>
    <ClCompile Include="Source\swag.cpp">
      <Filter>Source Files</Filter>
    </ClCompile>
    <ClCompile Include="Source\tile.cpp">
      <Filter>Source Files</Filter>
    </ClCompile>
    <ClCompile Include="Source\treeko.cpp">
      <Filter>Source Files</Filter>
    </ClCompile>
    <ClCompile Include="Source\animator.cpp">
      <Filter>Source Files</Filter>
    </ClCompile>
    <ClCompile Include="Source\ballGenerator.cpp">
      <Filter>Source Files</Filter>
    </ClCompile>
    <ClCompile Include="Source\bouncer.cpp">
      <Filter>Source Files</Filter>
    </ClCompile>
    <ClCompile Include="Source\collider.cpp">
      <Filter>Source Files</Filter>
    </ClCompile>
  </ItemGroup>
  <ItemGroup>
    <Image Include="treekoss.png">
      <Filter>Resource Files</Filter>
    </Image>
    <Image Include="treekossss.png">
      <Filter>Resource Files</Filter>
    </Image>
    <Image Include="swag.png">
      <Filter>Resource Files</Filter>
    </Image>
    <Image Include="megamanss.png">
      <Filter>Resource Files</Filter>
    </Image>
  </ItemGroup>
</Project>